
Microsoft Visual Studio Solution File, Format Version 12.00
# Visual Studio Version 17
VisualStudioVersion = 17.14.36915.13
MinimumVisualStudioVersion = 10.0.40219.1
Project("{FAE04EC0-301F-11D3-BF4B-00C04F79EFBC}") = "Utilities", "Utilities\Utilities.csproj", "{CFDED096-616C-48F4-B0A0-4F6E71D255DC}"
EndProject
Project("{FAE04EC0-301F-11D3-BF4B-00C04F79EFBC}") = "Core", "Core\Core.csproj", "{FDA577C2-7FA3-4017-AE4B-05AD8D33F3BB}"
EndProject
Project("{FAE04EC0-301F-11D3-BF4B-00C04F79EFBC}") = "Data", "Data\Data.csproj", "{501A80EE-84F8-4DB5-8D29-17471A73A848}"
EndProject
Project("{FAE04EC0-301F-11D3-BF4B-00C04F79EFBC}") = "Business", "Business\Business.csproj", "{17D07D2D-1DCA-47A9-853F-870AE1A7D9F6}"
EndProject
Project("{FAE04EC0-301F-11D3-BF4B-00C04F79EFBC}") = "UI.Web", "UI.Web\UI.Web.csproj", "{940DF7F4-B2BF-4042-876C-59C22B9D500A}"
EndProject
Global
	GlobalSection(SolutionConfigurationPlatforms) = preSolution
		Debug|Any CPU = Debug|Any CPU
		Release|Any CPU = Release|Any CPU
	EndGlobalSection
	GlobalSection(ProjectConfigurationPlatforms) = postSolution
		{CFDED096-616C-48F4-B0A0-4F6E71D255DC}.Debug|Any CPU.ActiveCfg = Debug|Any CPU
		{CFDED096-616C-48F4-B0A0-4F6E71D255DC}.Debug|Any CPU.Build.0 = Debug|Any CPU
		{CFDED096-616C-48F4-B0A0-4F6E71D255DC}.Release|Any CPU.ActiveCfg = Release|Any CPU
		{CFDED096-616C-48F4-B0A0-4F6E71D255DC}.Release|Any CPU.Build.0 = Release|Any CPU
		{FDA577C2-7FA3-4017-AE4B-05AD8D33F3BB}.Debug|Any CPU.ActiveCfg = Debug|Any CPU
		{FDA577C2-7FA3-4017-AE4B-05AD8D33F3BB}.Debug|Any CPU.Build.0 = Debug|Any CPU
		{FDA577C2-7FA3-4017-AE4B-05AD8D33F3BB}.Release|Any CPU.ActiveCfg = Release|Any CPU
		{FDA577C2-7FA3-4017-AE4B-05AD8D33F3BB}.Release|Any CPU.Build.0 = Release|Any CPU
		{501A80EE-84F8-4DB5-8D29-17471A73A848}.Debug|Any CPU.ActiveCfg = Debug|Any CPU
		{501A80EE-84F8-4DB5-8D29-17471A73A848}.Debug|Any CPU.Build.0 = Debug|Any CPU
		{501A80EE-84F8-4DB5-8D29-17471A73A848}.Release|Any CPU.ActiveCfg = Release|Any CPU
		{501A80EE-84F8-4DB5-8D29-17471A73A848}.Release|Any CPU.Build.0 = Release|Any CPU
		{17D07D2D-1DCA-47A9-853F-870AE1A7D9F6}.Debug|Any CPU.ActiveCfg = Debug|Any CPU
		{17D07D2D-1DCA-47A9-853F-870AE1A7D9F6}.Debug|Any CPU.Build.0 = Debug|Any CPU
		{17D07D2D-1DCA-47A9-853F-870AE1A7D9F6}.Release|Any CPU.ActiveCfg = Release|Any CPU
		{17D07D2D-1DCA-47A9-853F-870AE1A7D9F6}.Release|Any CPU.Build.0 = Release|Any CPU
		{940DF7F4-B2BF-4042-876C-59C22B9D500A}.Debug|Any CPU.ActiveCfg = Debug|Any CPU
		{940DF7F4-B2BF-4042-876C-59C22B9D500A}.Debug|Any CPU.Build.0 = Debug|Any CPU
		{940DF7F4-B2BF-4042-876C-59C22B9D500A}.Release|Any CPU.ActiveCfg = Release|Any CPU
		{940DF7F4-B2BF-4042-876C-59C22B9D500A}.Release|Any CPU.Build.0 = Release|Any CPU
	EndGlobalSection
	GlobalSection(SolutionProperties) = preSolution
		HideSolutionNode = FALSE
	EndGlobalSection
	GlobalSection(ExtensibilityGlobals) = postSolution
		SolutionGuid = {EA0422A5-8AD8-400C-A9E1-7FAF387AD468}
	EndGlobalSection
EndGlobal
